// !$*UTF8*$!
{
	archiveVersion = 1;
	classes = {
	};
	objectVersion = 51;
	objects = {

/* Begin PBXBuildFile section */
		9A2A24D094B5AA74C6BEA9EF /* Pods_TimeToGo.framework in Frameworks */ = {isa = PBXBuildFile; fileRef = F9D7DDD8D52031A8056BBB14 /* Pods_TimeToGo.framework */; };
		F4A8247623AA3111002EE5CB /* AppDelegate.swift in Sources */ = {isa = PBXBuildFile; fileRef = F4A8247523AA3111002EE5CB /* AppDelegate.swift */; };
		F4A8247823AA3111002EE5CB /* SceneDelegate.swift in Sources */ = {isa = PBXBuildFile; fileRef = F4A8247723AA3111002EE5CB /* SceneDelegate.swift */; };
		F4A8247A23AA3111002EE5CB /* ViewController.swift in Sources */ = {isa = PBXBuildFile; fileRef = F4A8247923AA3111002EE5CB /* ViewController.swift */; };
		F4A8247D23AA3111002EE5CB /* Main.storyboard in Resources */ = {isa = PBXBuildFile; fileRef = F4A8247B23AA3111002EE5CB /* Main.storyboard */; };
		F4A8248023AA3111002EE5CB /* TimeToGo.xcdatamodeld in Sources */ = {isa = PBXBuildFile; fileRef = F4A8247E23AA3111002EE5CB /* TimeToGo.xcdatamodeld */; };
		F4A8248223AA3113002EE5CB /* Assets.xcassets in Resources */ = {isa = PBXBuildFile; fileRef = F4A8248123AA3113002EE5CB /* Assets.xcassets */; };
		F4A8248523AA3113002EE5CB /* LaunchScreen.storyboard in Resources */ = {isa = PBXBuildFile; fileRef = F4A8248323AA3113002EE5CB /* LaunchScreen.storyboard */; };
/* End PBXBuildFile section */

/* Begin PBXFileReference section */
		454E0DF7D695EB3BA98A7048 /* Pods-TimeToGo.release.xcconfig */ = {isa = PBXFileReference; includeInIndex = 1; lastKnownFileType = text.xcconfig; name = "Pods-TimeToGo.release.xcconfig"; path = "Target Support Files/Pods-TimeToGo/Pods-TimeToGo.release.xcconfig"; sourceTree = "<group>"; };
		BD8EE22AB18F4353D0931A03 /* Pods-TimeToGo.debug.xcconfig */ = {isa = PBXFileReference; includeInIndex = 1; lastKnownFileType = text.xcconfig; name = "Pods-TimeToGo.debug.xcconfig"; path = "Target Support Files/Pods-TimeToGo/Pods-TimeToGo.debug.xcconfig"; sourceTree = "<group>"; };
		F4A8247223AA3111002EE5CB /* TimeToGo.app */ = {isa = PBXFileReference; explicitFileType = wrapper.application; includeInIndex = 0; path = TimeToGo.app; sourceTree = BUILT_PRODUCTS_DIR; };
		F4A8247523AA3111002EE5CB /* AppDelegate.swift */ = {isa = PBXFileReference; lastKnownFileType = sourcecode.swift; path = AppDelegate.swift; sourceTree = "<group>"; };
		F4A8247723AA3111002EE5CB /* SceneDelegate.swift */ = {isa = PBXFileReference; lastKnownFileType = sourcecode.swift; path = SceneDelegate.swift; sourceTree = "<group>"; };
		F4A8247923AA3111002EE5CB /* ViewController.swift */ = {isa = PBXFileReference; lastKnownFileType = sourcecode.swift; path = ViewController.swift; sourceTree = "<group>"; };
		F4A8247C23AA3111002EE5CB /* Base */ = {isa = PBXFileReference; lastKnownFileType = file.storyboard; name = Base; path = Base.lproj/Main.storyboard; sourceTree = "<group>"; };
		F4A8247F23AA3111002EE5CB /* TimeToGo.xcdatamodel */ = {isa = PBXFileReference; lastKnownFileType = wrapper.xcdatamodel; path = TimeToGo.xcdatamodel; sourceTree = "<group>"; };
		F4A8248123AA3113002EE5CB /* Assets.xcassets */ = {isa = PBXFileReference; lastKnownFileType = folder.assetcatalog; path = Assets.xcassets; sourceTree = "<group>"; };
		F4A8248423AA3113002EE5CB /* Base */ = {isa = PBXFileReference; lastKnownFileType = file.storyboard; name = Base; path = Base.lproj/LaunchScreen.storyboard; sourceTree = "<group>"; };
		F4A8248623AA3113002EE5CB /* Info.plist */ = {isa = PBXFileReference; lastKnownFileType = text.plist.xml; path = Info.plist; sourceTree = "<group>"; };
		F9D7DDD8D52031A8056BBB14 /* Pods_TimeToGo.framework */ = {isa = PBXFileReference; explicitFileType = wrapper.framework; includeInIndex = 0; path = Pods_TimeToGo.framework; sourceTree = BUILT_PRODUCTS_DIR; };
/* End PBXFileReference section */

/* Begin PBXFrameworksBuildPhase section */
		F4A8246F23AA3111002EE5CB /* Frameworks */ = {
			isa = PBXFrameworksBuildPhase;
			buildActionMask = 2147483647;
			files = (
				9A2A24D094B5AA74C6BEA9EF /* Pods_TimeToGo.framework in Frameworks */,
			);
			runOnlyForDeploymentPostprocessing = 0;
		};
/* End PBXFrameworksBuildPhase section */

/* Begin PBXGroup section */
		7C02CC805D6ABABE2EE26263 /* Frameworks */ = {
			isa = PBXGroup;
			children = (
				F9D7DDD8D52031A8056BBB14 /* Pods_TimeToGo.framework */,
			);
			name = Frameworks;
			sourceTree = "<group>";
		};
		BA74B2B41F0FE88683CA6F67 /* Pods */ = {
			isa = PBXGroup;
			children = (
				BD8EE22AB18F4353D0931A03 /* Pods-TimeToGo.debug.xcconfig */,
				454E0DF7D695EB3BA98A7048 /* Pods-TimeToGo.release.xcconfig */,
			);
			path = Pods;
			sourceTree = "<group>";
		};
		F4A8246923AA3111002EE5CB = {
			isa = PBXGroup;
			children = (
				F4A8247423AA3111002EE5CB /* TimeToGo */,
				F4A8247323AA3111002EE5CB /* Products */,
				BA74B2B41F0FE88683CA6F67 /* Pods */,
				7C02CC805D6ABABE2EE26263 /* Frameworks */,
			);
			sourceTree = "<group>";
		};
		F4A8247323AA3111002EE5CB /* Products */ = {
			isa = PBXGroup;
			children = (
				F4A8247223AA3111002EE5CB /* TimeToGo.app */,
			);
			name = Products;
			sourceTree = "<group>";
		};
		F4A8247423AA3111002EE5CB /* TimeToGo */ = {
			isa = PBXGroup;
			children = (
				F4A8247523AA3111002EE5CB /* AppDelegate.swift */,
				F4A8247723AA3111002EE5CB /* SceneDelegate.swift */,
				F4A8247923AA3111002EE5CB /* ViewController.swift */,
				F4A8247B23AA3111002EE5CB /* Main.storyboard */,
				F4A8248123AA3113002EE5CB /* Assets.xcassets */,
				F4A8248323AA3113002EE5CB /* LaunchScreen.storyboard */,
				F4A8248623AA3113002EE5CB /* Info.plist */,
				F4A8247E23AA3111002EE5CB /* TimeToGo.xcdatamodeld */,
			);
			path = TimeToGo;
			sourceTree = "<group>";
		};
/* End PBXGroup section */

/* Begin PBXNativeTarget section */
		F4A8247123AA3111002EE5CB /* TimeToGo */ = {
			isa = PBXNativeTarget;
			buildConfigurationList = F4A8248923AA3113002EE5CB /* Build configuration list for PBXNativeTarget "TimeToGo" */;
			buildPhases = (
				21E76FEAEA257C0AF1F52AA6 /* [CP] Check Pods Manifest.lock */,
				F4A8246E23AA3111002EE5CB /* Sources */,
				F4A8246F23AA3111002EE5CB /* Frameworks */,
				F4A8247023AA3111002EE5CB /* Resources */,
				9805CFAA72B41909ED793447 /* [CP] Embed Pods Frameworks */,
			);
			buildRules = (
			);
			dependencies = (
			);
			name = TimeToGo;
			productName = TimeToGo;
			productReference = F4A8247223AA3111002EE5CB /* TimeToGo.app */;
			productType = "com.apple.product-type.application";
		};
/* End PBXNativeTarget section */

/* Begin PBXProject section */
		F4A8246A23AA3111002EE5CB /* Project object */ = {
			isa = PBXProject;
			attributes = {
				LastSwiftUpdateCheck = 1130;
				LastUpgradeCheck = 1130;
				ORGANIZATIONNAME = "姜辽";
				TargetAttributes = {
					F4A8247123AA3111002EE5CB = {
						CreatedOnToolsVersion = 11.3;
					};
				};
			};
			buildConfigurationList = F4A8246D23AA3111002EE5CB /* Build configuration list for PBXProject "TimeToGo" */;
			compatibilityVersion = "Xcode 9.3";
			developmentRegion = en;
			hasScannedForEncodings = 0;
			knownRegions = (
				en,
				Base,
			);
			mainGroup = F4A8246923AA3111002EE5CB;
			productRefGroup = F4A8247323AA3111002EE5CB /* Products */;
			projectDirPath = "";
			projectRoot = "";
			targets = (
				F4A8247123AA3111002EE5CB /* TimeToGo */,
			);
		};
/* End PBXProject section */

/* Begin PBXResourcesBuildPhase section */
		F4A8247023AA3111002EE5CB /* Resources */ = {
			isa = PBXResourcesBuildPhase;
			buildActionMask = 2147483647;
			files = (
				F4A8248523AA3113002EE5CB /* LaunchScreen.storyboard in Resources */,
				F4A8248223AA3113002EE5CB /* Assets.xcassets in Resources */,
				F4A8247D23AA3111002EE5CB /* Main.storyboard in Resources */,
			);
			runOnlyForDeploymentPostprocessing = 0;
		};
/* End PBXResourcesBuildPhase section */

/* Begin PBXShellScriptBuildPhase section */
		21E76FEAEA257C0AF1F52AA6 /* [CP] Check Pods Manifest.lock */ = {
			isa = PBXShellScriptBuildPhase;
			buildActionMask = 2147483647;
			files = (
			);
			inputFileListPaths = (
			);
			inputPaths = (
				"${PODS_PODFILE_DIR_PATH}/Podfile.lock",
				"${PODS_ROOT}/Manifest.lock",
			);
			name = "[CP] Check Pods Manifest.lock";
			outputFileListPaths = (
			);
			outputPaths = (
				"$(DERIVED_FILE_DIR)/Pods-TimeToGo-checkManifestLockResult.txt",
			);
			runOnlyForDeploymentPostprocessing = 0;
			shellPath = /bin/sh;
			shellScript = "diff \"${PODS_PODFILE_DIR_PATH}/Podfile.lock\" \"${PODS_ROOT}/Manifest.lock\" > /dev/null\nif [ $? != 0 ] ; then\n    # print error to STDERR\n    echo \"error: The sandbox is not in sync with the Podfile.lock. Run 'pod install' or update your CocoaPods installation.\" >&2\n    exit 1\nfi\n# This output is used by Xcode 'outputs' to avoid re-running this script phase.\necho \"SUCCESS\" > \"${SCRIPT_OUTPUT_FILE_0}\"\n";
			showEnvVarsInLog = 0;
		};
		9805CFAA72B41909ED793447 /* [CP] Embed Pods Frameworks */ = {
			isa = PBXShellScriptBuildPhase;
			buildActionMask = 2147483647;
			files = (
			);
			inputFileListPaths = (
				"${PODS_ROOT}/Target Support Files/Pods-TimeToGo/Pods-TimeToGo-frameworks-${CONFIGURATION}-input-files.xcfilelist",
			);
			name = "[CP] Embed Pods Frameworks";
			outputFileListPaths = (
				"${PODS_ROOT}/Target Support Files/Pods-TimeToGo/Pods-TimeToGo-frameworks-${CONFIGURATION}-output-files.xcfilelist",
			);
			runOnlyForDeploymentPostprocessing = 0;
			shellPath = /bin/sh;
			shellScript = "\"${PODS_ROOT}/Target Support Files/Pods-TimeToGo/Pods-TimeToGo-frameworks.sh\"\n";
			showEnvVarsInLog = 0;
		};
/* End PBXShellScriptBuildPhase section */

/* Begin PBXSourcesBuildPhase section */
		F4A8246E23AA3111002EE5CB /* Sources */ = {
			isa = PBXSourcesBuildPhase;
			buildActionMask = 2147483647;
			files = (
				F4A8247A23AA3111002EE5CB /* ViewController.swift in Sources */,
				F4A8248023AA3111002EE5CB /* TimeToGo.xcdatamodeld in Sources */,
				F4A8247623AA3111002EE5CB /* AppDelegate.swift in Sources */,
				F4A8247823AA3111002EE5CB /* SceneDelegate.swift in Sources */,
			);
			runOnlyForDeploymentPostprocessing = 0;
		};
/* End PBXSourcesBuildPhase section */

/* Begin PBXVariantGroup section */
		F4A8247B23AA3111002EE5CB /* Main.storyboard */ = {
			isa = PBXVariantGroup;
			children = (
				F4A8247C23AA3111002EE5CB /* Base */,
			);
			name = Main.storyboard;
			sourceTree = "<group>";
		};
		F4A8248323AA3113002EE5CB /* LaunchScreen.storyboard */ = {
			isa = PBXVariantGroup;
			children = (
				F4A8248423AA3113002EE5CB /* Base */,
			);
			name = LaunchScreen.storyboard;
			sourceTree = "<group>";
		};
/* End PBXVariantGroup section */

/* Begin XCBuildConfiguration section */
		F4A8248723AA3113002EE5CB /* Debug */ = {
			isa = XCBuildConfiguration;
			buildSettings = {
				ALWAYS_SEARCH_USER_PATHS = NO;
				CLANG_ANALYZER_NONNULL = YES;
				CLANG_ANALYZER_NUMBER_OBJECT_CONVERSION = YES_AGGRESSIVE;
				CLANG_CXX_LANGUAGE_STANDARD = "gnu++14";
				CLANG_CXX_LIBRARY = "libc++";
				CLANG_ENABLE_MODULES = YES;
				CLANG_ENABLE_OBJC_ARC = YES;
				CLANG_ENABLE_OBJC_WEAK = YES;
				CLANG_WARN_BLOCK_CAPTURE_AUTORELEASING = YES;
				CLANG_WARN_BOOL_CONVERSION = YES;
				CLANG_WARN_COMMA = YES;
				CLANG_WARN_CONSTANT_CONVERSION = YES;
				CLANG_WARN_DEPRECATED_OBJC_IMPLEMENTATIONS = YES;
				CLANG_WARN_DIRECT_OBJC_ISA_USAGE = YES_ERROR;
				CLANG_WARN_DOCUMENTATION_COMMENTS = YES;
				CLANG_WARN_EMPTY_BODY = YES;
				CLANG_WARN_ENUM_CONVERSION = YES;
				CLANG_WARN_INFINITE_RECURSION = YES;
				CLANG_WARN_INT_CONVERSION = YES;
				CLANG_WARN_NON_LITERAL_NULL_CONVERSION = YES;
				CLANG_WARN_OBJC_IMPLICIT_RETAIN_SELF = YES;
				CLANG_WARN_OBJC_LITERAL_CONVERSION = YES;
				CLANG_WARN_OBJC_ROOT_CLASS = YES_ERROR;
				CLANG_WARN_RANGE_LOOP_ANALYSIS = YES;
				CLANG_WARN_STRICT_PROTOTYPES = YES;
				CLANG_WARN_SUSPICIOUS_MOVE = YES;
				CLANG_WARN_UNGUARDED_AVAILABILITY = YES_AGGRESSIVE;
				CLANG_WARN_UNREACHABLE_CODE = YES;
				CLANG_WARN__DUPLICATE_METHOD_MATCH = YES;
				COPY_PHASE_STRIP = NO;
				DEBUG_INFORMATION_FORMAT = dwarf;
				ENABLE_STRICT_OBJC_MSGSEND = YES;
				ENABLE_TESTABILITY = YES;
				GCC_C_LANGUAGE_STANDARD = gnu11;
				GCC_DYNAMIC_NO_PIC = NO;
				GCC_NO_COMMON_BLOCKS = YES;
				GCC_OPTIMIZATION_LEVEL = 0;
				GCC_PREPROCESSOR_DEFINITIONS = (
					"DEBUG=1",
					"$(inherited)",
				);
				GCC_WARN_64_TO_32_BIT_CONVERSION = YES;
				GCC_WARN_ABOUT_RETURN_TYPE = YES_ERROR;
				GCC_WARN_UNDECLARED_SELECTOR = YES;
				GCC_WARN_UNINITIALIZED_AUTOS = YES_AGGRESSIVE;
				GCC_WARN_UNUSED_FUNCTION = YES;
				GCC_WARN_UNUSED_VARIABLE = YES;
				IPHONEOS_DEPLOYMENT_TARGET = 13.2;
				MTL_ENABLE_DEBUG_INFO = INCLUDE_SOURCE;
				MTL_FAST_MATH = YES;
				ONLY_ACTIVE_ARCH = YES;
				SDKROOT = iphoneos;
				SWIFT_ACTIVE_COMPILATION_CONDITIONS = DEBUG;
				SWIFT_OPTIMIZATION_LEVEL = "-Onone";
			};
			name = Debug;
		};
		F4A8248823AA3113002EE5CB /* Release */ = {
			isa = XCBuildConfiguration;
			buildSettings = {
				ALWAYS_SEARCH_USER_PATHS = NO;
				CLANG_ANALYZER_NONNULL = YES;
				CLANG_ANALYZER_NUMBER_OBJECT_CONVERSION = YES_AGGRESSIVE;
				CLANG_CXX_LANGUAGE_STANDARD = "gnu++14";
				CLANG_CXX_LIBRARY = "libc++";
				CLANG_ENABLE_MODULES = YES;
				CLANG_ENABLE_OBJC_ARC = YES;
				CLANG_ENABLE_OBJC_WEAK = YES;
				CLANG_WARN_BLOCK_CAPTURE_AUTORELEASING = YES;
				CLANG_WARN_BOOL_CONVERSION = YES;
				CLANG_WARN_COMMA = YES;
				CLANG_WARN_CONSTANT_CONVERSION = YES;
				CLANG_WARN_DEPRECATED_OBJC_IMPLEMENTATIONS = YES;
				CLANG_WARN_DIRECT_OBJC_ISA_USAGE = YES_ERROR;
				CLANG_WARN_DOCUMENTATION_COMMENTS = YES;
				CLANG_WARN_EMPTY_BODY = YES;
				CLANG_WARN_ENUM_CONVERSION = YES;
				CLANG_WARN_INFINITE_RECURSION = YES;
				CLANG_WARN_INT_CONVERSION = YES;
				CLANG_WARN_NON_LITERAL_NULL_CONVERSION = YES;
				CLANG_WARN_OBJC_IMPLICIT_RETAIN_SELF = YES;
				CLANG_WARN_OBJC_LITERAL_CONVERSION = YES;
				CLANG_WARN_OBJC_ROOT_CLASS = YES_ERROR;
				CLANG_WARN_RANGE_LOOP_ANALYSIS = YES;
				CLANG_WARN_STRICT_PROTOTYPES = YES;
				CLANG_WARN_SUSPICIOUS_MOVE = YES;
				CLANG_WARN_UNGUARDED_AVAILABILITY = YES_AGGRESSIVE;
				CLANG_WARN_UNREACHABLE_CODE = YES;
				CLANG_WARN__DUPLICATE_METHOD_MATCH = YES;
				COPY_PHASE_STRIP = NO;
				DEBUG_INFORMATION_FORMAT = "dwarf-with-dsym";
				ENABLE_NS_ASSERTIONS = NO;
				ENABLE_STRICT_OBJC_MSGSEND = YES;
				GCC_C_LANGUAGE_STANDARD = gnu11;
				GCC_NO_COMMON_BLOCKS = YES;
				GCC_WARN_64_TO_32_BIT_CONVERSION = YES;
				GCC_WARN_ABOUT_RETURN_TYPE = YES_ERROR;
				GCC_WARN_UNDECLARED_SELECTOR = YES;
				GCC_WARN_UNINITIALIZED_AUTOS = YES_AGGRESSIVE;
				GCC_WARN_UNUSED_FUNCTION = YES;
				GCC_WARN_UNUSED_VARIABLE = YES;
				IPHONEOS_DEPLOYMENT_TARGET = 13.2;
				MTL_ENABLE_DEBUG_INFO = NO;
				MTL_FAST_MATH = YES;
				SDKROOT = iphoneos;
				SWIFT_COMPILATION_MODE = wholemodule;
				SWIFT_OPTIMIZATION_LEVEL = "-O";
				VALIDATE_PRODUCT = YES;
			};
			name = Release;
		};
		F4A8248A23AA3113002EE5CB /* Debug */ = {
			isa = XCBuildConfiguration;
			baseConfigurationReference = BD8EE22AB18F4353D0931A03 /* Pods-TimeToGo.debug.xcconfig */;
			buildSettings = {
				ASSETCATALOG_COMPILER_APPICON_NAME = AppIcon;
				CODE_SIGN_IDENTITY = "Apple Development";
				CODE_SIGN_STYLE = Automatic;
				DEVELOPMENT_TEAM = 5HZSZXLK49;
				INFOPLIST_FILE = TimeToGo/Info.plist;
				LD_RUNPATH_SEARCH_PATHS = (
					"$(inherited)",
					"@executable_path/Frameworks",
				);
				PRODUCT_BUNDLE_IDENTIFIER = com.chuck.TimeToGo;
				PRODUCT_NAME = "$(TARGET_NAME)";
				PROVISIONING_PROFILE_SPECIFIER = "";
				SWIFT_VERSION = 5.0;
				TARGETED_DEVICE_FAMILY = "1,2";
			};
			name = Debug;
		};
		F4A8248B23AA3113002EE5CB /* Release */ = {
			isa = XCBuildConfiguration;
			baseConfigurationReference = 454E0DF7D695EB3BA98A7048 /* Pods-TimeToGo.release.xcconfig */;
			buildSettings = {
				ASSETCATALOG_COMPILER_APPICON_NAME = AppIcon;
				CODE_SIGN_IDENTITY = "Apple Development";
				CODE_SIGN_STYLE = Automatic;
				DEVELOPMENT_TEAM = 5HZSZXLK49;
				INFOPLIST_FILE = TimeToGo/Info.plist;
				LD_RUNPATH_SEARCH_PATHS = (
					"$(inherited)",
					"@executable_path/Frameworks",
				);
				PRODUCT_BUNDLE_IDENTIFIER = com.chuck.TimeToGo;
				PRODUCT_NAME = "$(TARGET_NAME)";
				PROVISIONING_PROFILE_SPECIFIER = "";
				SWIFT_VERSION = 5.0;
				TARGETED_DEVICE_FAMILY = "1,2";
			};
			name = Release;
		};
/* End XCBuildConfiguration section */

/* Begin XCConfigurationList section */
		F4A8246D23AA3111002EE5CB /* Build configuration list for PBXProject "TimeToGo" */ = {
			isa = XCConfigurationList;
			buildConfigurations = (
				F4A8248723AA3113002EE5CB /* Debug */,
				F4A8248823AA3113002EE5CB /* Release */,
			);
			defaultConfigurationIsVisible = 0;
			defaultConfigurationName = Release;
		};
		F4A8248923AA3113002EE5CB /* Build configuration list for PBXNativeTarget "TimeToGo" */ = {
			isa = XCConfigurationList;
			buildConfigurations = (
				F4A8248A23AA3113002EE5CB /* Debug */,
				F4A8248B23AA3113002EE5CB /* Release */,
			);
			defaultConfigurationIsVisible = 0;
			defaultConfigurationName = Release;
		};
/* End XCConfigurationList section */

/* Begin XCVersionGroup section */
		F4A8247E23AA3111002EE5CB /* TimeToGo.xcdatamodeld */ = {
			isa = XCVersionGroup;
			children = (
				F4A8247F23AA3111002EE5CB /* TimeToGo.xcdatamodel */,
			);
			currentVersion = F4A8247F23AA3111002EE5CB /* TimeToGo.xcdatamodel */;
			path = TimeToGo.xcdatamodeld;
			sourceTree = "<group>";
			versionGroupType = wrapper.xcdatamodel;
		};
/* End XCVersionGroup section */
	};
	rootObject = F4A8246A23AA3111002EE5CB /* Project object */;
}
